
Microsoft Visual Studio Solution File, Format Version 12.00
# Visual Studio Version 16
VisualStudioVersion = 16.0.31112.23
MinimumVisualStudioVersion = 10.0.40219.1
Project("{FAE04EC0-301F-11D3-BF4B-00C04F79EFBC}") = "01. Sort Even Numbers", "01. Sort Even Numbers\01. Sort Even Numbers.csproj", "{4A310A49-D58E-43BA-A891-62EBAA141552}"
EndProject
Project("{FAE04EC0-301F-11D3-BF4B-00C04F79EFBC}") = "02. Sum Numbers", "02. Sum Numbers\02. Sum Numbers.csproj", "{3CEF0C9C-83DE-4DB7-B9EC-CF0DC417939E}"
EndProject
Project("{FAE04EC0-301F-11D3-BF4B-00C04F79EFBC}") = "03. Count Uppercase Words", "03. Count Uppercase Words\03. Count Uppercase Words.csproj", "{48B8B405-D1F8-4B02-A952-517458961248}"
EndProject
Project("{FAE04EC0-301F-11D3-BF4B-00C04F79EFBC}") = "04. Add VAT", "04. Add VAT\04. Add VAT.csproj", "{1B3554EB-975F-45F5-82B3-752DBBB8A89E}"
EndProject
Global
	GlobalSection(SolutionConfigurationPlatforms) = preSolution
		Debug|Any CPU = Debug|Any CPU
		Release|Any CPU = Release|Any CPU
	EndGlobalSection
	GlobalSection(ProjectConfigurationPlatforms) = postSolution
		{4A310A49-D58E-43BA-A891-62EBAA141552}.Debug|Any CPU.ActiveCfg = Debug|Any CPU
		{4A310A49-D58E-43BA-A891-62EBAA141552}.Debug|Any CPU.Build.0 = Debug|Any CPU
		{4A310A49-D58E-43BA-A891-62EBAA141552}.Release|Any CPU.ActiveCfg = Release|Any CPU
		{4A310A49-D58E-43BA-A891-62EBAA141552}.Release|Any CPU.Build.0 = Release|Any CPU
		{3CEF0C9C-83DE-4DB7-B9EC-CF0DC417939E}.Debug|Any CPU.ActiveCfg = Debug|Any CPU
		{3CEF0C9C-83DE-4DB7-B9EC-CF0DC417939E}.Debug|Any CPU.Build.0 = Debug|Any CPU
		{3CEF0C9C-83DE-4DB7-B9EC-CF0DC417939E}.Release|Any CPU.ActiveCfg = Release|Any CPU
		{3CEF0C9C-83DE-4DB7-B9EC-CF0DC417939E}.Release|Any CPU.Build.0 = Release|Any CPU
		{48B8B405-D1F8-4B02-A952-517458961248}.Debug|Any CPU.ActiveCfg = Debug|Any CPU
		{48B8B405-D1F8-4B02-A952-517458961248}.Debug|Any CPU.Build.0 = Debug|Any CPU
		{48B8B405-D1F8-4B02-A952-517458961248}.Release|Any CPU.ActiveCfg = Release|Any CPU
		{48B8B405-D1F8-4B02-A952-517458961248}.Release|Any CPU.Build.0 = Release|Any CPU
		{1B3554EB-975F-45F5-82B3-752DBBB8A89E}.Debug|Any CPU.ActiveCfg = Debug|Any CPU
		{1B3554EB-975F-45F5-82B3-752DBBB8A89E}.Debug|Any CPU.Build.0 = Debug|Any CPU
		{1B3554EB-975F-45F5-82B3-752DBBB8A89E}.Release|Any CPU.ActiveCfg = Release|Any CPU
		{1B3554EB-975F-45F5-82B3-752DBBB8A89E}.Release|Any CPU.Build.0 = Release|Any CPU
	EndGlobalSection
	GlobalSection(SolutionProperties) = preSolution
		HideSolutionNode = FALSE
	EndGlobalSection
	GlobalSection(ExtensibilityGlobals) = postSolution
		SolutionGuid = {F885CA72-5345-4F3A-9584-904E79B6A9BC}
	EndGlobalSection
EndGlobal
