
Microsoft Visual Studio Solution File, Format Version 12.00
# Visual Studio Version 16
VisualStudioVersion = 16.0.31112.23
MinimumVisualStudioVersion = 10.0.40219.1
Project("{FAE04EC0-301F-11D3-BF4B-00C04F79EFBC}") = "01. Unique Usernames", "01. Unique Usernames\01. Unique Usernames.csproj", "{6EB1D1BD-6560-4991-8F38-BDE8F7D2D76B}"
EndProject
Project("{FAE04EC0-301F-11D3-BF4B-00C04F79EFBC}") = "02. Sets of Elements", "02. Sets of Elements\02. Sets of Elements.csproj", "{2CF81E59-7904-49C0-AF60-AE8C9C2D9EBE}"
EndProject
Project("{FAE04EC0-301F-11D3-BF4B-00C04F79EFBC}") = "03. Periodic Table", "03. Periodic Table\03. Periodic Table.csproj", "{6311A474-A338-4EBD-B3D5-C42D0DF1A547}"
EndProject
Project("{FAE04EC0-301F-11D3-BF4B-00C04F79EFBC}") = "04. Even Times", "04. Even Times\04. Even Times.csproj", "{2B61B804-AD27-4AF0-A714-750C16186C53}"
EndProject
Global
	GlobalSection(SolutionConfigurationPlatforms) = preSolution
		Debug|Any CPU = Debug|Any CPU
		Release|Any CPU = Release|Any CPU
	EndGlobalSection
	GlobalSection(ProjectConfigurationPlatforms) = postSolution
		{6EB1D1BD-6560-4991-8F38-BDE8F7D2D76B}.Debug|Any CPU.ActiveCfg = Debug|Any CPU
		{6EB1D1BD-6560-4991-8F38-BDE8F7D2D76B}.Debug|Any CPU.Build.0 = Debug|Any CPU
		{6EB1D1BD-6560-4991-8F38-BDE8F7D2D76B}.Release|Any CPU.ActiveCfg = Release|Any CPU
		{6EB1D1BD-6560-4991-8F38-BDE8F7D2D76B}.Release|Any CPU.Build.0 = Release|Any CPU
		{2CF81E59-7904-49C0-AF60-AE8C9C2D9EBE}.Debug|Any CPU.ActiveCfg = Debug|Any CPU
		{2CF81E59-7904-49C0-AF60-AE8C9C2D9EBE}.Debug|Any CPU.Build.0 = Debug|Any CPU
		{2CF81E59-7904-49C0-AF60-AE8C9C2D9EBE}.Release|Any CPU.ActiveCfg = Release|Any CPU
		{2CF81E59-7904-49C0-AF60-AE8C9C2D9EBE}.Release|Any CPU.Build.0 = Release|Any CPU
		{6311A474-A338-4EBD-B3D5-C42D0DF1A547}.Debug|Any CPU.ActiveCfg = Debug|Any CPU
		{6311A474-A338-4EBD-B3D5-C42D0DF1A547}.Debug|Any CPU.Build.0 = Debug|Any CPU
		{6311A474-A338-4EBD-B3D5-C42D0DF1A547}.Release|Any CPU.ActiveCfg = Release|Any CPU
		{6311A474-A338-4EBD-B3D5-C42D0DF1A547}.Release|Any CPU.Build.0 = Release|Any CPU
		{2B61B804-AD27-4AF0-A714-750C16186C53}.Debug|Any CPU.ActiveCfg = Debug|Any CPU
		{2B61B804-AD27-4AF0-A714-750C16186C53}.Debug|Any CPU.Build.0 = Debug|Any CPU
		{2B61B804-AD27-4AF0-A714-750C16186C53}.Release|Any CPU.ActiveCfg = Release|Any CPU
		{2B61B804-AD27-4AF0-A714-750C16186C53}.Release|Any CPU.Build.0 = Release|Any CPU
	EndGlobalSection
	GlobalSection(SolutionProperties) = preSolution
		HideSolutionNode = FALSE
	EndGlobalSection
	GlobalSection(ExtensibilityGlobals) = postSolution
		SolutionGuid = {498A46AD-6CD0-4762-A310-72A756CD9B15}
	EndGlobalSection
EndGlobal
