
Microsoft Visual Studio Solution File, Format Version 12.00
# Visual Studio Version 16
VisualStudioVersion = 16.0.31112.23
MinimumVisualStudioVersion = 10.0.40219.1
Project("{FAE04EC0-301F-11D3-BF4B-00C04F79EFBC}") = "Advanced", "Advanced\Advanced.csproj", "{F5C94A08-1621-40CE-90D9-5645E670152A}"
EndProject
Project("{FAE04EC0-301F-11D3-BF4B-00C04F79EFBC}") = "01. Basic Stack Operations", "01. Basic Stack Operations\01. Basic Stack Operations.csproj", "{888A49EF-0369-45D2-AE4D-F6FE3514A49D}"
EndProject
Project("{FAE04EC0-301F-11D3-BF4B-00C04F79EFBC}") = "02. Basic Queue Operations", "02. Basic Queue Operations\02. Basic Queue Operations.csproj", "{FBAE48F5-918C-466F-8532-3E6ACDFA997C}"
EndProject
Project("{FAE04EC0-301F-11D3-BF4B-00C04F79EFBC}") = "03. Maximum and Minimum Element", "03. Maximum and Minimum Element\03. Maximum and Minimum Element.csproj", "{193A128C-3B2F-45D5-81E5-0A473A94771A}"
EndProject
Global
	GlobalSection(SolutionConfigurationPlatforms) = preSolution
		Debug|Any CPU = Debug|Any CPU
		Release|Any CPU = Release|Any CPU
	EndGlobalSection
	GlobalSection(ProjectConfigurationPlatforms) = postSolution
		{F5C94A08-1621-40CE-90D9-5645E670152A}.Debug|Any CPU.ActiveCfg = Debug|Any CPU
		{F5C94A08-1621-40CE-90D9-5645E670152A}.Debug|Any CPU.Build.0 = Debug|Any CPU
		{F5C94A08-1621-40CE-90D9-5645E670152A}.Release|Any CPU.ActiveCfg = Release|Any CPU
		{F5C94A08-1621-40CE-90D9-5645E670152A}.Release|Any CPU.Build.0 = Release|Any CPU
		{888A49EF-0369-45D2-AE4D-F6FE3514A49D}.Debug|Any CPU.ActiveCfg = Debug|Any CPU
		{888A49EF-0369-45D2-AE4D-F6FE3514A49D}.Debug|Any CPU.Build.0 = Debug|Any CPU
		{888A49EF-0369-45D2-AE4D-F6FE3514A49D}.Release|Any CPU.ActiveCfg = Release|Any CPU
		{888A49EF-0369-45D2-AE4D-F6FE3514A49D}.Release|Any CPU.Build.0 = Release|Any CPU
		{FBAE48F5-918C-466F-8532-3E6ACDFA997C}.Debug|Any CPU.ActiveCfg = Debug|Any CPU
		{FBAE48F5-918C-466F-8532-3E6ACDFA997C}.Debug|Any CPU.Build.0 = Debug|Any CPU
		{FBAE48F5-918C-466F-8532-3E6ACDFA997C}.Release|Any CPU.ActiveCfg = Release|Any CPU
		{FBAE48F5-918C-466F-8532-3E6ACDFA997C}.Release|Any CPU.Build.0 = Release|Any CPU
		{193A128C-3B2F-45D5-81E5-0A473A94771A}.Debug|Any CPU.ActiveCfg = Debug|Any CPU
		{193A128C-3B2F-45D5-81E5-0A473A94771A}.Debug|Any CPU.Build.0 = Debug|Any CPU
		{193A128C-3B2F-45D5-81E5-0A473A94771A}.Release|Any CPU.ActiveCfg = Release|Any CPU
		{193A128C-3B2F-45D5-81E5-0A473A94771A}.Release|Any CPU.Build.0 = Release|Any CPU
	EndGlobalSection
	GlobalSection(SolutionProperties) = preSolution
		HideSolutionNode = FALSE
	EndGlobalSection
	GlobalSection(ExtensibilityGlobals) = postSolution
		SolutionGuid = {B7572F48-8D82-409F-9A97-CBA8E00B1CB0}
	EndGlobalSection
EndGlobal
