
Microsoft Visual Studio Solution File, Format Version 12.00
# Visual Studio Version 16
VisualStudioVersion = 16.0.31112.23
MinimumVisualStudioVersion = 10.0.40219.1
Project("{9A19103F-16F7-4668-BE54-9A1E7A4F7556}") = "Define a Class Person", "StartUp\Define a Class Person.csproj", "{70B7C47A-3596-4FE5-882C-3BC47F665D67}"
EndProject
Project("{9A19103F-16F7-4668-BE54-9A1E7A4F7556}") = "_06_SpeedRacing", "06. Speed Racing\_06_SpeedRacing.csproj", "{DA8898EB-936E-4594-8288-9BBB3498004F}"
EndProject
Project("{9A19103F-16F7-4668-BE54-9A1E7A4F7556}") = "_07_RawData", "07. Raw Data\_07_RawData.csproj", "{EFA4CADC-5263-4E58-99C1-A96DC816A166}"
EndProject
Project("{9A19103F-16F7-4668-BE54-9A1E7A4F7556}") = "OpinioPoll", "Opinio Poll\OpinioPoll.csproj", "{3C6DA84A-B008-44A1-8D8F-2FF0F8DD49AC}"
EndProject
Project("{FAE04EC0-301F-11D3-BF4B-00C04F79EFBC}") = "DefiningClasses", "01. Define a Class Person\DefiningClasses.csproj", "{EA533898-606C-43F5-A0EA-B42E63283D29}"
EndProject
Project("{FAE04EC0-301F-11D3-BF4B-00C04F79EFBC}") = "CreatingConstructors", "CreatingConstructors\CreatingConstructors.csproj", "{BDF449C1-4348-4C8E-8FEB-FE016A8B58E1}"
EndProject
Project("{FAE04EC0-301F-11D3-BF4B-00C04F79EFBC}") = "OldestFamilyMember", "OldestFamilyMember\OldestFamilyMember.csproj", "{F775EC3D-B1F8-47BE-BC15-B50E1D850D87}"
EndProject
Global
	GlobalSection(SolutionConfigurationPlatforms) = preSolution
		Debug|Any CPU = Debug|Any CPU
		Release|Any CPU = Release|Any CPU
	EndGlobalSection
	GlobalSection(ProjectConfigurationPlatforms) = postSolution
		{70B7C47A-3596-4FE5-882C-3BC47F665D67}.Debug|Any CPU.ActiveCfg = Debug|Any CPU
		{70B7C47A-3596-4FE5-882C-3BC47F665D67}.Debug|Any CPU.Build.0 = Debug|Any CPU
		{70B7C47A-3596-4FE5-882C-3BC47F665D67}.Release|Any CPU.ActiveCfg = Release|Any CPU
		{70B7C47A-3596-4FE5-882C-3BC47F665D67}.Release|Any CPU.Build.0 = Release|Any CPU
		{DA8898EB-936E-4594-8288-9BBB3498004F}.Debug|Any CPU.ActiveCfg = Debug|Any CPU
		{DA8898EB-936E-4594-8288-9BBB3498004F}.Debug|Any CPU.Build.0 = Debug|Any CPU
		{DA8898EB-936E-4594-8288-9BBB3498004F}.Release|Any CPU.ActiveCfg = Release|Any CPU
		{DA8898EB-936E-4594-8288-9BBB3498004F}.Release|Any CPU.Build.0 = Release|Any CPU
		{EFA4CADC-5263-4E58-99C1-A96DC816A166}.Debug|Any CPU.ActiveCfg = Debug|Any CPU
		{EFA4CADC-5263-4E58-99C1-A96DC816A166}.Debug|Any CPU.Build.0 = Debug|Any CPU
		{EFA4CADC-5263-4E58-99C1-A96DC816A166}.Release|Any CPU.ActiveCfg = Release|Any CPU
		{EFA4CADC-5263-4E58-99C1-A96DC816A166}.Release|Any CPU.Build.0 = Release|Any CPU
		{3C6DA84A-B008-44A1-8D8F-2FF0F8DD49AC}.Debug|Any CPU.ActiveCfg = Debug|Any CPU
		{3C6DA84A-B008-44A1-8D8F-2FF0F8DD49AC}.Debug|Any CPU.Build.0 = Debug|Any CPU
		{3C6DA84A-B008-44A1-8D8F-2FF0F8DD49AC}.Release|Any CPU.ActiveCfg = Release|Any CPU
		{3C6DA84A-B008-44A1-8D8F-2FF0F8DD49AC}.Release|Any CPU.Build.0 = Release|Any CPU
		{EA533898-606C-43F5-A0EA-B42E63283D29}.Debug|Any CPU.ActiveCfg = Debug|Any CPU
		{EA533898-606C-43F5-A0EA-B42E63283D29}.Debug|Any CPU.Build.0 = Debug|Any CPU
		{EA533898-606C-43F5-A0EA-B42E63283D29}.Release|Any CPU.ActiveCfg = Release|Any CPU
		{EA533898-606C-43F5-A0EA-B42E63283D29}.Release|Any CPU.Build.0 = Release|Any CPU
		{BDF449C1-4348-4C8E-8FEB-FE016A8B58E1}.Debug|Any CPU.ActiveCfg = Debug|Any CPU
		{BDF449C1-4348-4C8E-8FEB-FE016A8B58E1}.Debug|Any CPU.Build.0 = Debug|Any CPU
		{BDF449C1-4348-4C8E-8FEB-FE016A8B58E1}.Release|Any CPU.ActiveCfg = Release|Any CPU
		{BDF449C1-4348-4C8E-8FEB-FE016A8B58E1}.Release|Any CPU.Build.0 = Release|Any CPU
		{F775EC3D-B1F8-47BE-BC15-B50E1D850D87}.Debug|Any CPU.ActiveCfg = Debug|Any CPU
		{F775EC3D-B1F8-47BE-BC15-B50E1D850D87}.Debug|Any CPU.Build.0 = Debug|Any CPU
		{F775EC3D-B1F8-47BE-BC15-B50E1D850D87}.Release|Any CPU.ActiveCfg = Release|Any CPU
		{F775EC3D-B1F8-47BE-BC15-B50E1D850D87}.Release|Any CPU.Build.0 = Release|Any CPU
	EndGlobalSection
	GlobalSection(SolutionProperties) = preSolution
		HideSolutionNode = FALSE
	EndGlobalSection
	GlobalSection(ExtensibilityGlobals) = postSolution
		SolutionGuid = {7CFF8E5E-D5AF-4349-AF23-DFF3BC4CA5CC}
	EndGlobalSection
EndGlobal
