
Microsoft Visual Studio Solution File, Format Version 12.00
# Visual Studio Version 16
VisualStudioVersion = 16.0.31112.23
MinimumVisualStudioVersion = 10.0.40219.1
Project("{FAE04EC0-301F-11D3-BF4B-00C04F79EFBC}") = "01. Single Inheritance", "01. Single Inheritance\01. Single Inheritance.csproj", "{76378B64-B99F-435F-AAC3-ABE6A8C74251}"
EndProject
Project("{FAE04EC0-301F-11D3-BF4B-00C04F79EFBC}") = "02. Multiple Inheritance", "02. Multiple Inheritance\02. Multiple Inheritance.csproj", "{194CAB53-2BD4-449F-A23F-20D5A3525DEC}"
EndProject
Global
	GlobalSection(SolutionConfigurationPlatforms) = preSolution
		Debug|Any CPU = Debug|Any CPU
		Release|Any CPU = Release|Any CPU
	EndGlobalSection
	GlobalSection(ProjectConfigurationPlatforms) = postSolution
		{76378B64-B99F-435F-AAC3-ABE6A8C74251}.Debug|Any CPU.ActiveCfg = Debug|Any CPU
		{76378B64-B99F-435F-AAC3-ABE6A8C74251}.Debug|Any CPU.Build.0 = Debug|Any CPU
		{76378B64-B99F-435F-AAC3-ABE6A8C74251}.Release|Any CPU.ActiveCfg = Release|Any CPU
		{76378B64-B99F-435F-AAC3-ABE6A8C74251}.Release|Any CPU.Build.0 = Release|Any CPU
		{194CAB53-2BD4-449F-A23F-20D5A3525DEC}.Debug|Any CPU.ActiveCfg = Debug|Any CPU
		{194CAB53-2BD4-449F-A23F-20D5A3525DEC}.Debug|Any CPU.Build.0 = Debug|Any CPU
		{194CAB53-2BD4-449F-A23F-20D5A3525DEC}.Release|Any CPU.ActiveCfg = Release|Any CPU
		{194CAB53-2BD4-449F-A23F-20D5A3525DEC}.Release|Any CPU.Build.0 = Release|Any CPU
	EndGlobalSection
	GlobalSection(SolutionProperties) = preSolution
		HideSolutionNode = FALSE
	EndGlobalSection
	GlobalSection(ExtensibilityGlobals) = postSolution
		SolutionGuid = {4534F99D-F7FD-4316-9A06-AB5C734C9524}
	EndGlobalSection
EndGlobal
