
Microsoft Visual Studio Solution File, Format Version 12.00
# Visual Studio Version 16
VisualStudioVersion = 16.0.31112.23
MinimumVisualStudioVersion = 10.0.40219.1
Project("{9A19103F-16F7-4668-BE54-9A1E7A4F7556}") = "01. Person", "01. Person\01. Person.csproj", "{98DCA2B2-62EE-4D92-B579-D432FCA22016}"
EndProject
Project("{FAE04EC0-301F-11D3-BF4B-00C04F79EFBC}") = "Zoo", "Zoo\Zoo.csproj", "{AE6380BA-029C-492B-A42F-6560E3D20B2C}"
EndProject
Project("{FAE04EC0-301F-11D3-BF4B-00C04F79EFBC}") = "04. Need for Speed", "04. Need for Speed\04. Need for Speed.csproj", "{A345AE9B-A2E7-46F9-B17E-BDBF584C88C0}"
EndProject
Global
	GlobalSection(SolutionConfigurationPlatforms) = preSolution
		Debug|Any CPU = Debug|Any CPU
		Release|Any CPU = Release|Any CPU
	EndGlobalSection
	GlobalSection(ProjectConfigurationPlatforms) = postSolution
		{98DCA2B2-62EE-4D92-B579-D432FCA22016}.Debug|Any CPU.ActiveCfg = Debug|Any CPU
		{98DCA2B2-62EE-4D92-B579-D432FCA22016}.Debug|Any CPU.Build.0 = Debug|Any CPU
		{98DCA2B2-62EE-4D92-B579-D432FCA22016}.Release|Any CPU.ActiveCfg = Release|Any CPU
		{98DCA2B2-62EE-4D92-B579-D432FCA22016}.Release|Any CPU.Build.0 = Release|Any CPU
		{AE6380BA-029C-492B-A42F-6560E3D20B2C}.Debug|Any CPU.ActiveCfg = Debug|Any CPU
		{AE6380BA-029C-492B-A42F-6560E3D20B2C}.Debug|Any CPU.Build.0 = Debug|Any CPU
		{AE6380BA-029C-492B-A42F-6560E3D20B2C}.Release|Any CPU.ActiveCfg = Release|Any CPU
		{AE6380BA-029C-492B-A42F-6560E3D20B2C}.Release|Any CPU.Build.0 = Release|Any CPU
		{A345AE9B-A2E7-46F9-B17E-BDBF584C88C0}.Debug|Any CPU.ActiveCfg = Debug|Any CPU
		{A345AE9B-A2E7-46F9-B17E-BDBF584C88C0}.Debug|Any CPU.Build.0 = Debug|Any CPU
		{A345AE9B-A2E7-46F9-B17E-BDBF584C88C0}.Release|Any CPU.ActiveCfg = Release|Any CPU
		{A345AE9B-A2E7-46F9-B17E-BDBF584C88C0}.Release|Any CPU.Build.0 = Release|Any CPU
	EndGlobalSection
	GlobalSection(SolutionProperties) = preSolution
		HideSolutionNode = FALSE
	EndGlobalSection
	GlobalSection(ExtensibilityGlobals) = postSolution
		SolutionGuid = {90C94017-6E6C-437C-88BC-5E1A7AC83A5C}
	EndGlobalSection
EndGlobal
